
Microsoft Visual Studio Solution File, Format Version 12.00
# Visual Studio Version 17
VisualStudioVersion = 17.1.32421.90
MinimumVisualStudioVersion = 10.0.40219.1
Project("{FAE04EC0-301F-11D3-BF4B-00C04F79EFBC}") = "FromOldToNew", "FromOldToNew\FromOldToNew.csproj", "{CCD77D21-42C3-4746-B821-5DDEC07E877F}"
	ProjectSection(ProjectDependencies) = postProject
		{B9CCEBB7-5C46-4410-AE46-F4FACBE57530} = {B9CCEBB7-5C46-4410-AE46-F4FACBE57530}
	EndProjectSection
EndProject
Project("{8BC9CEB8-8B4A-11D0-8D11-00A0C91BC942}") = "NativeLibrary", "NativeLibrary\NativeLibrary.vcxproj", "{B9CCEBB7-5C46-4410-AE46-F4FACBE57530}"
EndProject
Global
	GlobalSection(SolutionConfigurationPlatforms) = preSolution
		Debug|Any CPU = Debug|Any CPU
		Debug|x64 = Debug|x64
		Debug|x86 = Debug|x86
		Release|Any CPU = Release|Any CPU
		Release|x64 = Release|x64
		Release|x86 = Release|x86
	EndGlobalSection
	GlobalSection(ProjectConfigurationPlatforms) = postSolution
		{CCD77D21-42C3-4746-B821-5DDEC07E877F}.Debug|Any CPU.ActiveCfg = Debug|Any CPU
		{CCD77D21-42C3-4746-B821-5DDEC07E877F}.Debug|Any CPU.Build.0 = Debug|Any CPU
		{CCD77D21-42C3-4746-B821-5DDEC07E877F}.Debug|x64.ActiveCfg = Debug|x64
		{CCD77D21-42C3-4746-B821-5DDEC07E877F}.Debug|x64.Build.0 = Debug|x64
		{CCD77D21-42C3-4746-B821-5DDEC07E877F}.Debug|x86.ActiveCfg = Debug|Any CPU
		{CCD77D21-42C3-4746-B821-5DDEC07E877F}.Debug|x86.Build.0 = Debug|Any CPU
		{CCD77D21-42C3-4746-B821-5DDEC07E877F}.Release|Any CPU.ActiveCfg = Release|Any CPU
		{CCD77D21-42C3-4746-B821-5DDEC07E877F}.Release|Any CPU.Build.0 = Release|Any CPU
		{CCD77D21-42C3-4746-B821-5DDEC07E877F}.Release|x64.ActiveCfg = Release|Any CPU
		{CCD77D21-42C3-4746-B821-5DDEC07E877F}.Release|x64.Build.0 = Release|Any CPU
		{CCD77D21-42C3-4746-B821-5DDEC07E877F}.Release|x86.ActiveCfg = Release|Any CPU
		{CCD77D21-42C3-4746-B821-5DDEC07E877F}.Release|x86.Build.0 = Release|Any CPU
		{B9CCEBB7-5C46-4410-AE46-F4FACBE57530}.Debug|Any CPU.ActiveCfg = Debug|x64
		{B9CCEBB7-5C46-4410-AE46-F4FACBE57530}.Debug|Any CPU.Build.0 = Debug|x64
		{B9CCEBB7-5C46-4410-AE46-F4FACBE57530}.Debug|x64.ActiveCfg = Debug|x64
		{B9CCEBB7-5C46-4410-AE46-F4FACBE57530}.Debug|x64.Build.0 = Debug|x64
		{B9CCEBB7-5C46-4410-AE46-F4FACBE57530}.Debug|x86.ActiveCfg = Debug|Win32
		{B9CCEBB7-5C46-4410-AE46-F4FACBE57530}.Debug|x86.Build.0 = Debug|Win32
		{B9CCEBB7-5C46-4410-AE46-F4FACBE57530}.Release|Any CPU.ActiveCfg = Release|x64
		{B9CCEBB7-5C46-4410-AE46-F4FACBE57530}.Release|Any CPU.Build.0 = Release|x64
		{B9CCEBB7-5C46-4410-AE46-F4FACBE57530}.Release|x64.ActiveCfg = Release|x64
		{B9CCEBB7-5C46-4410-AE46-F4FACBE57530}.Release|x64.Build.0 = Release|x64
		{B9CCEBB7-5C46-4410-AE46-F4FACBE57530}.Release|x86.ActiveCfg = Release|Win32
		{B9CCEBB7-5C46-4410-AE46-F4FACBE57530}.Release|x86.Build.0 = Release|Win32
	EndGlobalSection
	GlobalSection(SolutionProperties) = preSolution
		HideSolutionNode = FALSE
	EndGlobalSection
	GlobalSection(ExtensibilityGlobals) = postSolution
		SolutionGuid = {4D6E3BDC-27EA-4B98-B7B8-7AE0722329FE}
	EndGlobalSection
EndGlobal
